<?xml version="1.0" encoding="utf-8"?>
<Project ToolsVersion="4.0" xmlns="http://schemas.microsoft.com/developer/msbuild/2003">
  <ItemGroup>
    <Filter Include="include">
      <UniqueIdentifier>{89AF369E-F58E-B539-FEA6-40106A051C9B}</UniqueIdentifier>
    </Filter>
    <Filter Include="src">
      <UniqueIdentifier>{2DAB880B-99B4-887C-2230-9F7C8E38947C}</UniqueIdentifier>
    </Filter>
    <Filter Include="src\Examples">
      <UniqueIdentifier>{5B3F7059-47A2-FFFD-F027-38B4DC69CB80}</UniqueIdentifier>
    </Filter>
  </ItemGroup>
  <ItemGroup>
    <ClInclude Include="include\pch.h">
      <Filter>include</Filter>
    </ClInclude>
    <ClInclude Include="src\Examples\Enable_if.hpp">
      <Filter>src\Examples</Filter>
    </ClInclude>
    <ClInclude Include="src\Examples\factorial.hpp">
      <Filter>src\Examples</Filter>
    </ClInclude>
    <ClInclude Include="src\Examples\has_string.hpp">
      <Filter>src\Examples</Filter>
    </ClInclude>
    <ClInclude Include="src\Examples\is_int.hpp">
      <Filter>src\Examples</Filter>
    </ClInclude>
    <ClInclude Include="src\Examples\is_pointer.hpp">
      <Filter>src\Examples</Filter>
    </ClInclude>
    <ClInclude Include="src\Examples\remove_pointer.hpp">
      <Filter>src\Examples</Filter>
    </ClInclude>
  </ItemGroup>
  <ItemGroup>
    <ClCompile Include="src\main.cpp">
      <Filter>src</Filter>
    </ClCompile>
    <ClCompile Include="src\pch.cpp">
      <Filter>src</Filter>
    </ClCompile>
  </ItemGroup>
</Project>